
Microsoft Visual Studio Solution File, Format Version 12.00
# Visual Studio Version 17
VisualStudioVersion = 17.8.34511.84
MinimumVisualStudioVersion = 10.0.40219.1
Project("{FAE04EC0-301F-11D3-BF4B-00C04F79EFBC}") = "WpfAppChatConsumer", "WpfAppChatConsumer\WpfAppChatConsumer.csproj", "{88075EC6-B3AA-4696-97FB-67E0EAC8374F}"
EndProject
Global
	GlobalSection(SolutionConfigurationPlatforms) = preSolution
		Debug|Any CPU = Debug|Any CPU
		Release|Any CPU = Release|Any CPU
	EndGlobalSection
	GlobalSection(ProjectConfigurationPlatforms) = postSolution
		{88075EC6-B3AA-4696-97FB-67E0EAC8374F}.Debug|Any CPU.ActiveCfg = Debug|Any CPU
		{88075EC6-B3AA-4696-97FB-67E0EAC8374F}.Debug|Any CPU.Build.0 = Debug|Any CPU
		{88075EC6-B3AA-4696-97FB-67E0EAC8374F}.Release|Any CPU.ActiveCfg = Release|Any CPU
		{88075EC6-B3AA-4696-97FB-67E0EAC8374F}.Release|Any CPU.Build.0 = Release|Any CPU
	EndGlobalSection
	GlobalSection(SolutionProperties) = preSolution
		HideSolutionNode = FALSE
	EndGlobalSection
	GlobalSection(ExtensibilityGlobals) = postSolution
		SolutionGuid = {60753BB9-074B-4BDD-B819-593EB9DC7B4C}
	EndGlobalSection
EndGlobal
